<?xml version="1.0" encoding="utf-8"?>
<Project ToolsVersion="4.0" xmlns="http://schemas.microsoft.com/developer/msbuild/2003">
  <ItemGroup>
    <ImageContentTask Include="logo_small.png" />
    <ImageContentTask Include="grass.jpg" />
    <ImageContentTask Include="white.jpg" />
    <ImageContentTask Include="Asphalt026C_1K-JPG_Color.jpg" />
    <ImageContentTask Include="Bricks082C_1K-JPG_Color.jpg" />
    <ImageContentTask Include="mainMenu.png" />
    <ImageContentTask Include="lossScreen.png" />
    <ImageContentTask Include="winScreen.png" />
    <ImageContentTask Include="FuelTrackerBar.png" />
    <ImageContentTask Include="FuelTrackerFrame.png" />
    <ImageContentTask Include="BlackScreen.png" />
  </ItemGroup>
</Project>